
Microsoft Visual Studio Solution File, Format Version 12.00
# Visual Studio Version 16
VisualStudioVersion = 16.0.31019.35
MinimumVisualStudioVersion = 10.0.40219.1
Project("{FAE04EC0-301F-11D3-BF4B-00C04F79EFBC}") = "EPadPw", "EPadPw\EPadPw.csproj", "{5F0C588B-75B4-470C-8456-33ADD9584A6D}"
EndProject
Global
	GlobalSection(SolutionConfigurationPlatforms) = preSolution
		Debug|Any CPU = Debug|Any CPU
		Release|Any CPU = Release|Any CPU
	EndGlobalSection
	GlobalSection(ProjectConfigurationPlatforms) = postSolution
		{5F0C588B-75B4-470C-8456-33ADD9584A6D}.Debug|Any CPU.ActiveCfg = Debug|Any CPU
		{5F0C588B-75B4-470C-8456-33ADD9584A6D}.Debug|Any CPU.Build.0 = Debug|Any CPU
		{5F0C588B-75B4-470C-8456-33ADD9584A6D}.Release|Any CPU.ActiveCfg = Release|Any CPU
		{5F0C588B-75B4-470C-8456-33ADD9584A6D}.Release|Any CPU.Build.0 = Release|Any CPU
	EndGlobalSection
	GlobalSection(SolutionProperties) = preSolution
		HideSolutionNode = FALSE
	EndGlobalSection
	GlobalSection(ExtensibilityGlobals) = postSolution
		SolutionGuid = {E7B7D6CD-AB5E-4D8D-AD58-93FA1EF78BDA}
	EndGlobalSection
EndGlobal
